
Microsoft Visual Studio Solution File, Format Version 12.00
# Visual Studio 2013
VisualStudioVersion = 12.0.21005.1
MinimumVisualStudioVersion = 10.0.40219.1
Project("{2150E333-8FDC-42A3-9474-1A3956D46DE8}") = "Sirius.Roentgen", "Sirius.Roentgen", "{7AEF08FB-9133-4416-BA9C-793ABBE82B2A}"
EndProject
Project("{FAE04EC0-301F-11D3-BF4B-00C04F79EFBC}") = "Sirius.Roentgen", "Roentgen\Roentgen.App\Sirius.Roentgen.csproj", "{B3363E1F-C626-4DE5-BEC4-94E4EB262CB3}"
EndProject
Project("{FAE04EC0-301F-11D3-BF4B-00C04F79EFBC}") = "Sirius.Roentgen.Model.Test", "Roentgen\Roentgen.Test\Sirius.Roentgen.Model.Test.csproj", "{97A7F6A8-7AD4-4329-828B-7CA62B3933D1}"
EndProject
Project("{2150E333-8FDC-42A3-9474-1A3956D46DE8}") = "Sirius.Invoice", "Sirius.Invoice", "{85C68F6C-B367-4B85-8D6A-3D7EB63A72C5}"
EndProject
Project("{FAE04EC0-301F-11D3-BF4B-00C04F79EFBC}") = "Invoice.Model", "Invoice\Invoice.Model\Invoice.Model.csproj", "{C453DC24-EDEB-4360-902F-62A5A03DA5CF}"
EndProject
Project("{FAE04EC0-301F-11D3-BF4B-00C04F79EFBC}") = "Invoice.ServiceLayer.MySql", "Invoice\Invoice.DAL\Invoice.ServiceLayer.MySql.csproj", "{BC063441-7644-441C-9B2B-73E0F0AA7C8F}"
EndProject
Project("{FAE04EC0-301F-11D3-BF4B-00C04F79EFBC}") = "Invoice.ServiceLayer.MySql.Test", "Invoice\Invoice.DAL.Test\Invoice.ServiceLayer.MySql.Test.csproj", "{F51FFCB3-94D3-42F8-9A6A-C91A847E32CB}"
EndProject
Project("{FAE04EC0-301F-11D3-BF4B-00C04F79EFBC}") = "Sirius.Desktop", "Invoice\Invoice.Application\Sirius.Desktop.csproj", "{ECF93A17-702C-4F3C-9E8B-5B2E503B4257}"
EndProject
Project("{FAE04EC0-301F-11D3-BF4B-00C04F79EFBC}") = "Invoice.App", "Invoice\Invoice.App\Invoice.App.csproj", "{EC34DABE-9830-4EB6-974C-FF357289172F}"
EndProject
Project("{FAE04EC0-301F-11D3-BF4B-00C04F79EFBC}") = "Sirius.ServiceLayer", "Invoice\Invoice.ServiceLayer\Sirius.ServiceLayer.csproj", "{E3D9041B-857C-4494-B96C-5DC20A5C1608}"
EndProject
Project("{FAE04EC0-301F-11D3-BF4B-00C04F79EFBC}") = "Sirius.Desktop.DevExpress", "Sirius\Sirius.Desktop.DevExpress\Sirius.Desktop.DevExpress.csproj", "{293BEA98-D0F2-4B5E-9BC4-A8DB9BAB44BA}"
EndProject
Project("{FAE04EC0-301F-11D3-BF4B-00C04F79EFBC}") = "Sirius.Roentgen.Model", "Roentgen\Sirius.Roentgen.Model\Sirius.Roentgen.Model.csproj", "{7132293F-2542-4A5A-BF90-DFB0B4F52771}"
EndProject
Project("{FAE04EC0-301F-11D3-BF4B-00C04F79EFBC}") = "Sirius.EntityFramework", "Sirius\Sirius.EntityFramework\Sirius.EntityFramework.csproj", "{1B5C4E06-39BD-478C-B9AA-C7EFD6F8DFAC}"
EndProject
Global
	GlobalSection(SolutionConfigurationPlatforms) = preSolution
		Debug|Any CPU = Debug|Any CPU
		Release|Any CPU = Release|Any CPU
	EndGlobalSection
	GlobalSection(ProjectConfigurationPlatforms) = postSolution
		{B3363E1F-C626-4DE5-BEC4-94E4EB262CB3}.Debug|Any CPU.ActiveCfg = Debug|Any CPU
		{B3363E1F-C626-4DE5-BEC4-94E4EB262CB3}.Debug|Any CPU.Build.0 = Debug|Any CPU
		{B3363E1F-C626-4DE5-BEC4-94E4EB262CB3}.Release|Any CPU.ActiveCfg = Release|Any CPU
		{B3363E1F-C626-4DE5-BEC4-94E4EB262CB3}.Release|Any CPU.Build.0 = Release|Any CPU
		{97A7F6A8-7AD4-4329-828B-7CA62B3933D1}.Debug|Any CPU.ActiveCfg = Debug|Any CPU
		{97A7F6A8-7AD4-4329-828B-7CA62B3933D1}.Debug|Any CPU.Build.0 = Debug|Any CPU
		{97A7F6A8-7AD4-4329-828B-7CA62B3933D1}.Release|Any CPU.ActiveCfg = Release|Any CPU
		{97A7F6A8-7AD4-4329-828B-7CA62B3933D1}.Release|Any CPU.Build.0 = Release|Any CPU
		{C453DC24-EDEB-4360-902F-62A5A03DA5CF}.Debug|Any CPU.ActiveCfg = Debug|Any CPU
		{C453DC24-EDEB-4360-902F-62A5A03DA5CF}.Debug|Any CPU.Build.0 = Debug|Any CPU
		{C453DC24-EDEB-4360-902F-62A5A03DA5CF}.Release|Any CPU.ActiveCfg = Release|Any CPU
		{C453DC24-EDEB-4360-902F-62A5A03DA5CF}.Release|Any CPU.Build.0 = Release|Any CPU
		{BC063441-7644-441C-9B2B-73E0F0AA7C8F}.Debug|Any CPU.ActiveCfg = Debug|Any CPU
		{BC063441-7644-441C-9B2B-73E0F0AA7C8F}.Debug|Any CPU.Build.0 = Debug|Any CPU
		{BC063441-7644-441C-9B2B-73E0F0AA7C8F}.Release|Any CPU.ActiveCfg = Release|Any CPU
		{BC063441-7644-441C-9B2B-73E0F0AA7C8F}.Release|Any CPU.Build.0 = Release|Any CPU
		{F51FFCB3-94D3-42F8-9A6A-C91A847E32CB}.Debug|Any CPU.ActiveCfg = Debug|Any CPU
		{F51FFCB3-94D3-42F8-9A6A-C91A847E32CB}.Debug|Any CPU.Build.0 = Debug|Any CPU
		{F51FFCB3-94D3-42F8-9A6A-C91A847E32CB}.Release|Any CPU.ActiveCfg = Release|Any CPU
		{F51FFCB3-94D3-42F8-9A6A-C91A847E32CB}.Release|Any CPU.Build.0 = Release|Any CPU
		{ECF93A17-702C-4F3C-9E8B-5B2E503B4257}.Debug|Any CPU.ActiveCfg = Debug|Any CPU
		{ECF93A17-702C-4F3C-9E8B-5B2E503B4257}.Debug|Any CPU.Build.0 = Debug|Any CPU
		{ECF93A17-702C-4F3C-9E8B-5B2E503B4257}.Release|Any CPU.ActiveCfg = Release|Any CPU
		{ECF93A17-702C-4F3C-9E8B-5B2E503B4257}.Release|Any CPU.Build.0 = Release|Any CPU
		{EC34DABE-9830-4EB6-974C-FF357289172F}.Debug|Any CPU.ActiveCfg = Debug|Any CPU
		{EC34DABE-9830-4EB6-974C-FF357289172F}.Debug|Any CPU.Build.0 = Debug|Any CPU
		{EC34DABE-9830-4EB6-974C-FF357289172F}.Release|Any CPU.ActiveCfg = Release|Any CPU
		{EC34DABE-9830-4EB6-974C-FF357289172F}.Release|Any CPU.Build.0 = Release|Any CPU
		{E3D9041B-857C-4494-B96C-5DC20A5C1608}.Debug|Any CPU.ActiveCfg = Debug|Any CPU
		{E3D9041B-857C-4494-B96C-5DC20A5C1608}.Debug|Any CPU.Build.0 = Debug|Any CPU
		{E3D9041B-857C-4494-B96C-5DC20A5C1608}.Release|Any CPU.ActiveCfg = Release|Any CPU
		{E3D9041B-857C-4494-B96C-5DC20A5C1608}.Release|Any CPU.Build.0 = Release|Any CPU
		{293BEA98-D0F2-4B5E-9BC4-A8DB9BAB44BA}.Debug|Any CPU.ActiveCfg = Debug|Any CPU
		{293BEA98-D0F2-4B5E-9BC4-A8DB9BAB44BA}.Debug|Any CPU.Build.0 = Debug|Any CPU
		{293BEA98-D0F2-4B5E-9BC4-A8DB9BAB44BA}.Release|Any CPU.ActiveCfg = Release|Any CPU
		{293BEA98-D0F2-4B5E-9BC4-A8DB9BAB44BA}.Release|Any CPU.Build.0 = Release|Any CPU
		{7132293F-2542-4A5A-BF90-DFB0B4F52771}.Debug|Any CPU.ActiveCfg = Debug|Any CPU
		{7132293F-2542-4A5A-BF90-DFB0B4F52771}.Debug|Any CPU.Build.0 = Debug|Any CPU
		{7132293F-2542-4A5A-BF90-DFB0B4F52771}.Release|Any CPU.ActiveCfg = Release|Any CPU
		{7132293F-2542-4A5A-BF90-DFB0B4F52771}.Release|Any CPU.Build.0 = Release|Any CPU
		{1B5C4E06-39BD-478C-B9AA-C7EFD6F8DFAC}.Debug|Any CPU.ActiveCfg = Debug|Any CPU
		{1B5C4E06-39BD-478C-B9AA-C7EFD6F8DFAC}.Debug|Any CPU.Build.0 = Debug|Any CPU
		{1B5C4E06-39BD-478C-B9AA-C7EFD6F8DFAC}.Release|Any CPU.ActiveCfg = Release|Any CPU
		{1B5C4E06-39BD-478C-B9AA-C7EFD6F8DFAC}.Release|Any CPU.Build.0 = Release|Any CPU
	EndGlobalSection
	GlobalSection(SolutionProperties) = preSolution
		HideSolutionNode = FALSE
	EndGlobalSection
	GlobalSection(NestedProjects) = preSolution
		{B3363E1F-C626-4DE5-BEC4-94E4EB262CB3} = {7AEF08FB-9133-4416-BA9C-793ABBE82B2A}
		{97A7F6A8-7AD4-4329-828B-7CA62B3933D1} = {7AEF08FB-9133-4416-BA9C-793ABBE82B2A}
		{7132293F-2542-4A5A-BF90-DFB0B4F52771} = {7AEF08FB-9133-4416-BA9C-793ABBE82B2A}
		{C453DC24-EDEB-4360-902F-62A5A03DA5CF} = {85C68F6C-B367-4B85-8D6A-3D7EB63A72C5}
		{BC063441-7644-441C-9B2B-73E0F0AA7C8F} = {85C68F6C-B367-4B85-8D6A-3D7EB63A72C5}
		{F51FFCB3-94D3-42F8-9A6A-C91A847E32CB} = {85C68F6C-B367-4B85-8D6A-3D7EB63A72C5}
		{EC34DABE-9830-4EB6-974C-FF357289172F} = {85C68F6C-B367-4B85-8D6A-3D7EB63A72C5}
	EndGlobalSection
EndGlobal
